%{"bear": {:git, "git://github.com/boundary/bear.git", "119234548783af19b8ec75c879c5062676b92571", [tag: "0.8.2"]},
  "certifi": {:git, "https://github.com/certifi/erlang-certifi", "9c55312f979a4ad2166523d5fda477fbf0d7b772", [tag: "1.1.0"]},
  "edown": {:git, "https://github.com/uwiger/edown.git", "754be25f71a04099c83f3ffdff268e70beeb0021", []},
  "elixometer": {:hex, :elixometer, "1.2.1", "41527a3fb2a4656ac3f721b523deaf4f55c5c901ffdb5e375260c6338dd2c164", [:mix], [{:edown, "~>0.7.0", [hex: :edown, optional: false]}, {:exometer_core, "~>1.4.0", [hex: :exometer_core, optional: false]}, {:lager, "~>3.0.2", [hex: :lager, optional: false]}, {:pobox, "~>1.0.2", [hex: :pobox, optional: false]}]},
  "exometer_core": {:git, "https://github.com/Feuerlabs/exometer_core.git", "09c2a9361c0295c977e441ef89382db964a64460", []},
  "exometer_fetch": {:git, "https://github.com/travelping/exometer_fetch.git", "3bfc031b8fa2b6189cfeedf56d75c3ded85a4b7e", [branch: "master"]},
  "exometer_influxdb": {:git, "https://github.com/travelping/exometer_influxdb.git", "6aa389b5d36d3b0935ab4f77fb65f96e0dd18286", [branch: "master"]},
  "folsom": {:git, "git://github.com/folsom-project/folsom", "38e2cce7c64ce1f0a3a918d90394cfc0a940b1ba", [tag: "0.8.2"]},
  "goldrush": {:hex, :goldrush, "0.1.9", "f06e5d5f1277da5c413e84d5a2924174182fb108dabb39d5ec548b27424cd106", [:rebar3], []},
  "hackney": {:git, "git://github.com/benoitc/hackney.git", "06168f227c8ea9e73227cd164f07e0cb3f789673", [branch: "master"]},
  "hut": {:git, "git://github.com/tolbrino/hut.git", "025540398478ab6f95932c3234382ac5bb21ad3e", [ref: "v1.1.1"]},
  "idna": {:git, "https://github.com/benoitc/erlang-idna", "2cf61945ed7f17308e0306dcf2235a0db032f18e", [tag: "4.0.0"]},
  "lager": {:hex, :lager, "3.2.4", "a6deb74dae7927f46bd13255268308ef03eb206ec784a94eaf7c1c0f3b811615", [:rebar3], [{:goldrush, "0.1.9", [hex: :goldrush, optional: false]}]},
  "meck": {:git, "https://github.com/eproxus/meck.git", "dde759050eff19a1a80fd854d7375174b191665d", [tag: "0.8.2"]},
  "metricman": {:git, "https://github.com/xerions/metricman.git", "59d0f9e4daef3f67684848ec3a12e3ef62bd5b4f", []},
  "metrics": {:git, "https://github.com/benoitc/erlang-metrics", "c6eb4dcf29f9e907539915e2ab996f40c2ec7e8e", [tag: "1.0.1"]},
  "mimerl": {:git, "https://github.com/benoitc/mimerl", "678aba028a690da6822c87410d475841c048b6bf", [tag: "1.0.2"]},
  "parse_trans": {:git, "git://github.com/uwiger/parse_trans.git", "6f3645afb43c7c57d61b54ef59aecab288ce1013", [tag: "3.0.0"]},
  "pobox": {:hex, :pobox, "1.0.2", "45a5bc91e3cf20f9bc0b94494f00fcdccbc333ab2e0856972b7f0f196fc41613", [:rebar3], []},
  "recon": {:hex, :recon, "2.2.1", "4bb21badd51a32ad50edcce54e5312acf079a3bc770f266c1997071c7fcadf17", [:rebar], []},
  "setup": {:git, "https://github.com/uwiger/setup.git", "5c7d635145e5ffb8b0fa6b470770cdd1cb16b0b2", [tag: "1.6"]},
  "ssl_verify_fun": {:git, "https://github.com/deadtrickster/ssl_verify_fun.erl", "33406f6decdcb9f03cf1e69e34728a288af156a0", [tag: "1.1.1"]}}
